
Microsoft Visual Studio Solution File, Format Version 12.00
# Visual Studio 15
VisualStudioVersion = 15.0.27428.2002
MinimumVisualStudioVersion = 10.0.40219.1
Project("{8BC9CEB8-8B4A-11D0-8D11-00A0C91BC942}") = "opengl_learn_project", "opengl_learn_project\opengl_learn_project.vcxproj", "{29A27F15-B992-4461-8A16-44214D3A98EA}"
EndProject
Global
	GlobalSection(SolutionConfigurationPlatforms) = preSolution
		Debug|x64 = Debug|x64
		Debug|x86 = Debug|x86
		Release|x64 = Release|x64
		Release|x86 = Release|x86
	EndGlobalSection
	GlobalSection(ProjectConfigurationPlatforms) = postSolution
		{29A27F15-B992-4461-8A16-44214D3A98EA}.Debug|x64.ActiveCfg = Debug|x64
		{29A27F15-B992-4461-8A16-44214D3A98EA}.Debug|x64.Build.0 = Debug|x64
		{29A27F15-B992-4461-8A16-44214D3A98EA}.Debug|x86.ActiveCfg = Debug|Win32
		{29A27F15-B992-4461-8A16-44214D3A98EA}.Debug|x86.Build.0 = Debug|Win32
		{29A27F15-B992-4461-8A16-44214D3A98EA}.Release|x64.ActiveCfg = Release|x64
		{29A27F15-B992-4461-8A16-44214D3A98EA}.Release|x64.Build.0 = Release|x64
		{29A27F15-B992-4461-8A16-44214D3A98EA}.Release|x86.ActiveCfg = Release|Win32
		{29A27F15-B992-4461-8A16-44214D3A98EA}.Release|x86.Build.0 = Release|Win32
	EndGlobalSection
	GlobalSection(SolutionProperties) = preSolution
		HideSolutionNode = FALSE
	EndGlobalSection
	GlobalSection(ExtensibilityGlobals) = postSolution
		SolutionGuid = {E9014BE2-2AEA-4356-B68B-F45E80E5022F}
	EndGlobalSection
EndGlobal
